
Microsoft Visual Studio Solution File, Format Version 12.00
# Visual Studio 2013
VisualStudioVersion = 12.0.31101.0
MinimumVisualStudioVersion = 10.0.40219.1
Project("{FAE04EC0-301F-11D3-BF4B-00C04F79EFBC}") = "CsharpCocBot", "CsharpCocBot\CsharpCocBot.csproj", "{C9747428-F162-4D59-817A-BE0A5847D88C}"
EndProject
Project("{FAE04EC0-301F-11D3-BF4B-00C04F79EFBC}") = "ColorOptimizer", "ColorOptimizer\ColorOptimizer.csproj", "{C99C9FA9-1274-49D4-9D3F-B401E7F02FAD}"
EndProject
Project("{FAE04EC0-301F-11D3-BF4B-00C04F79EFBC}") = "ExtBitmap", "ExtBitmap\ExtBitmap.csproj", "{7BD14DBE-718B-40BF-86CC-C996F110DF22}"
EndProject
Project("{FAE04EC0-301F-11D3-BF4B-00C04F79EFBC}") = "FastFind", "FastFind\FastFind.csproj", "{A17BCD52-C8CE-45A6-8A71-A00E73EB5AAA}"
EndProject
Project("{FAE04EC0-301F-11D3-BF4B-00C04F79EFBC}") = "MouseAndKeyboard", "MouseAndKeyboard\MouseAndKeyboard.csproj", "{54321393-8A64-4114-8A32-7EA3BE810ED3}"
EndProject
Project("{FAE04EC0-301F-11D3-BF4B-00C04F79EFBC}") = "UnitTests", "UnitTests\UnitTests.csproj", "{DF37B51F-18D1-4824-A813-DD9F0F93A281}"
EndProject
Project("{FAE04EC0-301F-11D3-BF4B-00C04F79EFBC}") = "Win32", "Win32\Win32.csproj", "{C6D04F0B-DD48-456C-8065-7052CABBE1F5}"
EndProject
Project("{FAE04EC0-301F-11D3-BF4B-00C04F79EFBC}") = "BitmapHelper", "BitmapHelper\BitmapHelper.csproj", "{B6C53904-843E-4F2F-A58E-A21EAEAAE855}"
EndProject
Global
	GlobalSection(SolutionConfigurationPlatforms) = preSolution
		Debug|Any CPU = Debug|Any CPU
		Debug|Mixed Platforms = Debug|Mixed Platforms
		Debug|x64 = Debug|x64
		Debug|x86 = Debug|x86
		Release|Any CPU = Release|Any CPU
		Release|Mixed Platforms = Release|Mixed Platforms
		Release|x64 = Release|x64
		Release|x86 = Release|x86
	EndGlobalSection
	GlobalSection(ProjectConfigurationPlatforms) = postSolution
		{C9747428-F162-4D59-817A-BE0A5847D88C}.Debug|Any CPU.ActiveCfg = Debug|Any CPU
		{C9747428-F162-4D59-817A-BE0A5847D88C}.Debug|Any CPU.Build.0 = Debug|Any CPU
		{C9747428-F162-4D59-817A-BE0A5847D88C}.Debug|Mixed Platforms.ActiveCfg = Debug|x86
		{C9747428-F162-4D59-817A-BE0A5847D88C}.Debug|Mixed Platforms.Build.0 = Debug|x86
		{C9747428-F162-4D59-817A-BE0A5847D88C}.Debug|x64.ActiveCfg = Debug|x86
		{C9747428-F162-4D59-817A-BE0A5847D88C}.Debug|x64.Build.0 = Debug|x86
		{C9747428-F162-4D59-817A-BE0A5847D88C}.Debug|x86.ActiveCfg = Debug|x86
		{C9747428-F162-4D59-817A-BE0A5847D88C}.Debug|x86.Build.0 = Debug|x86
		{C9747428-F162-4D59-817A-BE0A5847D88C}.Release|Any CPU.ActiveCfg = Release|Any CPU
		{C9747428-F162-4D59-817A-BE0A5847D88C}.Release|Any CPU.Build.0 = Release|Any CPU
		{C9747428-F162-4D59-817A-BE0A5847D88C}.Release|Mixed Platforms.ActiveCfg = Release|x86
		{C9747428-F162-4D59-817A-BE0A5847D88C}.Release|Mixed Platforms.Build.0 = Release|x86
		{C9747428-F162-4D59-817A-BE0A5847D88C}.Release|x64.ActiveCfg = Release|x64
		{C9747428-F162-4D59-817A-BE0A5847D88C}.Release|x64.Build.0 = Release|x64
		{C9747428-F162-4D59-817A-BE0A5847D88C}.Release|x86.ActiveCfg = Release|x86
		{C9747428-F162-4D59-817A-BE0A5847D88C}.Release|x86.Build.0 = Release|x86
		{C99C9FA9-1274-49D4-9D3F-B401E7F02FAD}.Debug|Any CPU.ActiveCfg = Debug|Any CPU
		{C99C9FA9-1274-49D4-9D3F-B401E7F02FAD}.Debug|Any CPU.Build.0 = Debug|Any CPU
		{C99C9FA9-1274-49D4-9D3F-B401E7F02FAD}.Debug|Mixed Platforms.ActiveCfg = Debug|x86
		{C99C9FA9-1274-49D4-9D3F-B401E7F02FAD}.Debug|Mixed Platforms.Build.0 = Debug|x86
		{C99C9FA9-1274-49D4-9D3F-B401E7F02FAD}.Debug|x64.ActiveCfg = Debug|x86
		{C99C9FA9-1274-49D4-9D3F-B401E7F02FAD}.Debug|x64.Build.0 = Debug|x86
		{C99C9FA9-1274-49D4-9D3F-B401E7F02FAD}.Debug|x86.ActiveCfg = Debug|x86
		{C99C9FA9-1274-49D4-9D3F-B401E7F02FAD}.Debug|x86.Build.0 = Debug|x86
		{C99C9FA9-1274-49D4-9D3F-B401E7F02FAD}.Release|Any CPU.ActiveCfg = Release|Any CPU
		{C99C9FA9-1274-49D4-9D3F-B401E7F02FAD}.Release|Any CPU.Build.0 = Release|Any CPU
		{C99C9FA9-1274-49D4-9D3F-B401E7F02FAD}.Release|Mixed Platforms.ActiveCfg = Release|x86
		{C99C9FA9-1274-49D4-9D3F-B401E7F02FAD}.Release|Mixed Platforms.Build.0 = Release|x86
		{C99C9FA9-1274-49D4-9D3F-B401E7F02FAD}.Release|x64.ActiveCfg = Release|x64
		{C99C9FA9-1274-49D4-9D3F-B401E7F02FAD}.Release|x64.Build.0 = Release|x64
		{C99C9FA9-1274-49D4-9D3F-B401E7F02FAD}.Release|x86.ActiveCfg = Release|x86
		{C99C9FA9-1274-49D4-9D3F-B401E7F02FAD}.Release|x86.Build.0 = Release|x86
		{7BD14DBE-718B-40BF-86CC-C996F110DF22}.Debug|Any CPU.ActiveCfg = Debug|Any CPU
		{7BD14DBE-718B-40BF-86CC-C996F110DF22}.Debug|Any CPU.Build.0 = Debug|Any CPU
		{7BD14DBE-718B-40BF-86CC-C996F110DF22}.Debug|Mixed Platforms.ActiveCfg = Debug|x86
		{7BD14DBE-718B-40BF-86CC-C996F110DF22}.Debug|Mixed Platforms.Build.0 = Debug|x86
		{7BD14DBE-718B-40BF-86CC-C996F110DF22}.Debug|x64.ActiveCfg = Debug|x86
		{7BD14DBE-718B-40BF-86CC-C996F110DF22}.Debug|x64.Build.0 = Debug|x86
		{7BD14DBE-718B-40BF-86CC-C996F110DF22}.Debug|x86.ActiveCfg = Debug|x86
		{7BD14DBE-718B-40BF-86CC-C996F110DF22}.Debug|x86.Build.0 = Debug|x86
		{7BD14DBE-718B-40BF-86CC-C996F110DF22}.Release|Any CPU.ActiveCfg = Release|Any CPU
		{7BD14DBE-718B-40BF-86CC-C996F110DF22}.Release|Any CPU.Build.0 = Release|Any CPU
		{7BD14DBE-718B-40BF-86CC-C996F110DF22}.Release|Mixed Platforms.ActiveCfg = Release|x86
		{7BD14DBE-718B-40BF-86CC-C996F110DF22}.Release|Mixed Platforms.Build.0 = Release|x86
		{7BD14DBE-718B-40BF-86CC-C996F110DF22}.Release|x64.ActiveCfg = Release|x64
		{7BD14DBE-718B-40BF-86CC-C996F110DF22}.Release|x64.Build.0 = Release|x64
		{7BD14DBE-718B-40BF-86CC-C996F110DF22}.Release|x86.ActiveCfg = Release|x86
		{7BD14DBE-718B-40BF-86CC-C996F110DF22}.Release|x86.Build.0 = Release|x86
		{A17BCD52-C8CE-45A6-8A71-A00E73EB5AAA}.Debug|Any CPU.ActiveCfg = Debug|Any CPU
		{A17BCD52-C8CE-45A6-8A71-A00E73EB5AAA}.Debug|Any CPU.Build.0 = Debug|Any CPU
		{A17BCD52-C8CE-45A6-8A71-A00E73EB5AAA}.Debug|Mixed Platforms.ActiveCfg = Debug|x86
		{A17BCD52-C8CE-45A6-8A71-A00E73EB5AAA}.Debug|Mixed Platforms.Build.0 = Debug|x86
		{A17BCD52-C8CE-45A6-8A71-A00E73EB5AAA}.Debug|x64.ActiveCfg = Debug|x86
		{A17BCD52-C8CE-45A6-8A71-A00E73EB5AAA}.Debug|x64.Build.0 = Debug|x86
		{A17BCD52-C8CE-45A6-8A71-A00E73EB5AAA}.Debug|x86.ActiveCfg = Debug|x86
		{A17BCD52-C8CE-45A6-8A71-A00E73EB5AAA}.Debug|x86.Build.0 = Debug|x86
		{A17BCD52-C8CE-45A6-8A71-A00E73EB5AAA}.Release|Any CPU.ActiveCfg = Release|Any CPU
		{A17BCD52-C8CE-45A6-8A71-A00E73EB5AAA}.Release|Any CPU.Build.0 = Release|Any CPU
		{A17BCD52-C8CE-45A6-8A71-A00E73EB5AAA}.Release|Mixed Platforms.ActiveCfg = Release|x86
		{A17BCD52-C8CE-45A6-8A71-A00E73EB5AAA}.Release|Mixed Platforms.Build.0 = Release|x86
		{A17BCD52-C8CE-45A6-8A71-A00E73EB5AAA}.Release|x64.ActiveCfg = Release|x64
		{A17BCD52-C8CE-45A6-8A71-A00E73EB5AAA}.Release|x64.Build.0 = Release|x64
		{A17BCD52-C8CE-45A6-8A71-A00E73EB5AAA}.Release|x86.ActiveCfg = Release|x86
		{A17BCD52-C8CE-45A6-8A71-A00E73EB5AAA}.Release|x86.Build.0 = Release|x86
		{54321393-8A64-4114-8A32-7EA3BE810ED3}.Debug|Any CPU.ActiveCfg = Debug|Any CPU
		{54321393-8A64-4114-8A32-7EA3BE810ED3}.Debug|Any CPU.Build.0 = Debug|Any CPU
		{54321393-8A64-4114-8A32-7EA3BE810ED3}.Debug|Mixed Platforms.ActiveCfg = Debug|x86
		{54321393-8A64-4114-8A32-7EA3BE810ED3}.Debug|Mixed Platforms.Build.0 = Debug|x86
		{54321393-8A64-4114-8A32-7EA3BE810ED3}.Debug|x64.ActiveCfg = Debug|x86
		{54321393-8A64-4114-8A32-7EA3BE810ED3}.Debug|x64.Build.0 = Debug|x86
		{54321393-8A64-4114-8A32-7EA3BE810ED3}.Debug|x86.ActiveCfg = Debug|x86
		{54321393-8A64-4114-8A32-7EA3BE810ED3}.Debug|x86.Build.0 = Debug|x86
		{54321393-8A64-4114-8A32-7EA3BE810ED3}.Release|Any CPU.ActiveCfg = Release|Any CPU
		{54321393-8A64-4114-8A32-7EA3BE810ED3}.Release|Any CPU.Build.0 = Release|Any CPU
		{54321393-8A64-4114-8A32-7EA3BE810ED3}.Release|Mixed Platforms.ActiveCfg = Release|x86
		{54321393-8A64-4114-8A32-7EA3BE810ED3}.Release|Mixed Platforms.Build.0 = Release|x86
		{54321393-8A64-4114-8A32-7EA3BE810ED3}.Release|x64.ActiveCfg = Release|x64
		{54321393-8A64-4114-8A32-7EA3BE810ED3}.Release|x64.Build.0 = Release|x64
		{54321393-8A64-4114-8A32-7EA3BE810ED3}.Release|x86.ActiveCfg = Release|x86
		{54321393-8A64-4114-8A32-7EA3BE810ED3}.Release|x86.Build.0 = Release|x86
		{DF37B51F-18D1-4824-A813-DD9F0F93A281}.Debug|Any CPU.ActiveCfg = Debug|Any CPU
		{DF37B51F-18D1-4824-A813-DD9F0F93A281}.Debug|Any CPU.Build.0 = Debug|Any CPU
		{DF37B51F-18D1-4824-A813-DD9F0F93A281}.Debug|Mixed Platforms.ActiveCfg = Debug|x86
		{DF37B51F-18D1-4824-A813-DD9F0F93A281}.Debug|Mixed Platforms.Build.0 = Debug|x86
		{DF37B51F-18D1-4824-A813-DD9F0F93A281}.Debug|x64.ActiveCfg = Debug|x86
		{DF37B51F-18D1-4824-A813-DD9F0F93A281}.Debug|x64.Build.0 = Debug|x86
		{DF37B51F-18D1-4824-A813-DD9F0F93A281}.Debug|x86.ActiveCfg = Debug|x86
		{DF37B51F-18D1-4824-A813-DD9F0F93A281}.Debug|x86.Build.0 = Debug|x86
		{DF37B51F-18D1-4824-A813-DD9F0F93A281}.Release|Any CPU.ActiveCfg = Release|Any CPU
		{DF37B51F-18D1-4824-A813-DD9F0F93A281}.Release|Any CPU.Build.0 = Release|Any CPU
		{DF37B51F-18D1-4824-A813-DD9F0F93A281}.Release|Mixed Platforms.ActiveCfg = Release|x86
		{DF37B51F-18D1-4824-A813-DD9F0F93A281}.Release|Mixed Platforms.Build.0 = Release|x86
		{DF37B51F-18D1-4824-A813-DD9F0F93A281}.Release|x64.ActiveCfg = Release|x64
		{DF37B51F-18D1-4824-A813-DD9F0F93A281}.Release|x64.Build.0 = Release|x64
		{DF37B51F-18D1-4824-A813-DD9F0F93A281}.Release|x86.ActiveCfg = Release|x86
		{DF37B51F-18D1-4824-A813-DD9F0F93A281}.Release|x86.Build.0 = Release|x86
		{C6D04F0B-DD48-456C-8065-7052CABBE1F5}.Debug|Any CPU.ActiveCfg = Debug|Any CPU
		{C6D04F0B-DD48-456C-8065-7052CABBE1F5}.Debug|Any CPU.Build.0 = Debug|Any CPU
		{C6D04F0B-DD48-456C-8065-7052CABBE1F5}.Debug|Mixed Platforms.ActiveCfg = Debug|x86
		{C6D04F0B-DD48-456C-8065-7052CABBE1F5}.Debug|Mixed Platforms.Build.0 = Debug|x86
		{C6D04F0B-DD48-456C-8065-7052CABBE1F5}.Debug|x64.ActiveCfg = Debug|x86
		{C6D04F0B-DD48-456C-8065-7052CABBE1F5}.Debug|x64.Build.0 = Debug|x86
		{C6D04F0B-DD48-456C-8065-7052CABBE1F5}.Debug|x86.ActiveCfg = Debug|x86
		{C6D04F0B-DD48-456C-8065-7052CABBE1F5}.Debug|x86.Build.0 = Debug|x86
		{C6D04F0B-DD48-456C-8065-7052CABBE1F5}.Release|Any CPU.ActiveCfg = Release|Any CPU
		{C6D04F0B-DD48-456C-8065-7052CABBE1F5}.Release|Any CPU.Build.0 = Release|Any CPU
		{C6D04F0B-DD48-456C-8065-7052CABBE1F5}.Release|Mixed Platforms.ActiveCfg = Release|x86
		{C6D04F0B-DD48-456C-8065-7052CABBE1F5}.Release|Mixed Platforms.Build.0 = Release|x86
		{C6D04F0B-DD48-456C-8065-7052CABBE1F5}.Release|x64.ActiveCfg = Release|x64
		{C6D04F0B-DD48-456C-8065-7052CABBE1F5}.Release|x64.Build.0 = Release|x64
		{C6D04F0B-DD48-456C-8065-7052CABBE1F5}.Release|x86.ActiveCfg = Release|x86
		{C6D04F0B-DD48-456C-8065-7052CABBE1F5}.Release|x86.Build.0 = Release|x86
		{B6C53904-843E-4F2F-A58E-A21EAEAAE855}.Debug|Any CPU.ActiveCfg = Debug|Any CPU
		{B6C53904-843E-4F2F-A58E-A21EAEAAE855}.Debug|Any CPU.Build.0 = Debug|Any CPU
		{B6C53904-843E-4F2F-A58E-A21EAEAAE855}.Debug|Mixed Platforms.ActiveCfg = Debug|Any CPU
		{B6C53904-843E-4F2F-A58E-A21EAEAAE855}.Debug|Mixed Platforms.Build.0 = Debug|Any CPU
		{B6C53904-843E-4F2F-A58E-A21EAEAAE855}.Debug|x64.ActiveCfg = Debug|Any CPU
		{B6C53904-843E-4F2F-A58E-A21EAEAAE855}.Debug|x86.ActiveCfg = Debug|Any CPU
		{B6C53904-843E-4F2F-A58E-A21EAEAAE855}.Release|Any CPU.ActiveCfg = Release|Any CPU
		{B6C53904-843E-4F2F-A58E-A21EAEAAE855}.Release|Any CPU.Build.0 = Release|Any CPU
		{B6C53904-843E-4F2F-A58E-A21EAEAAE855}.Release|Mixed Platforms.ActiveCfg = Release|Any CPU
		{B6C53904-843E-4F2F-A58E-A21EAEAAE855}.Release|Mixed Platforms.Build.0 = Release|Any CPU
		{B6C53904-843E-4F2F-A58E-A21EAEAAE855}.Release|x64.ActiveCfg = Release|Any CPU
		{B6C53904-843E-4F2F-A58E-A21EAEAAE855}.Release|x86.ActiveCfg = Release|Any CPU
	EndGlobalSection
	GlobalSection(SolutionProperties) = preSolution
		HideSolutionNode = FALSE
	EndGlobalSection
EndGlobal
