
Microsoft Visual Studio Solution File, Format Version 12.00
# Visual Studio 2013
VisualStudioVersion = 12.0.31101.0
MinimumVisualStudioVersion = 10.0.40219.1
Project("{FAE04EC0-301F-11D3-BF4B-00C04F79EFBC}") = "CsharpCocBot", "CsharpCocBot\CsharpCocBot.csproj", "{C9747428-F162-4D59-817A-BE0A5847D88C}"
EndProject
Global
	GlobalSection(SolutionConfigurationPlatforms) = preSolution
		Debug|Win32 = Debug|Win32
		Debug|x64 = Debug|x64
		Debug|x86 = Debug|x86
		DofusRelease|Win32 = DofusRelease|Win32
		DofusRelease|x64 = DofusRelease|x64
		DofusRelease|x86 = DofusRelease|x86
		Release No Trace|Win32 = Release No Trace|Win32
		Release No Trace|x64 = Release No Trace|x64
		Release No Trace|x86 = Release No Trace|x86
		Release|Win32 = Release|Win32
		Release|x64 = Release|x64
		Release|x86 = Release|x86
	EndGlobalSection
	GlobalSection(ProjectConfigurationPlatforms) = postSolution
		{C9747428-F162-4D59-817A-BE0A5847D88C}.Debug|Win32.ActiveCfg = Debug|x86
		{C9747428-F162-4D59-817A-BE0A5847D88C}.Debug|Win32.Build.0 = Debug|x86
		{C9747428-F162-4D59-817A-BE0A5847D88C}.Debug|x64.ActiveCfg = Debug|x64
		{C9747428-F162-4D59-817A-BE0A5847D88C}.Debug|x64.Build.0 = Debug|x64
		{C9747428-F162-4D59-817A-BE0A5847D88C}.Debug|x86.ActiveCfg = Debug|x86
		{C9747428-F162-4D59-817A-BE0A5847D88C}.Debug|x86.Build.0 = Debug|x86
		{C9747428-F162-4D59-817A-BE0A5847D88C}.DofusRelease|Win32.ActiveCfg = Release|x86
		{C9747428-F162-4D59-817A-BE0A5847D88C}.DofusRelease|Win32.Build.0 = Release|x86
		{C9747428-F162-4D59-817A-BE0A5847D88C}.DofusRelease|x64.ActiveCfg = Release|x64
		{C9747428-F162-4D59-817A-BE0A5847D88C}.DofusRelease|x64.Build.0 = Release|x64
		{C9747428-F162-4D59-817A-BE0A5847D88C}.DofusRelease|x86.ActiveCfg = Release|x86
		{C9747428-F162-4D59-817A-BE0A5847D88C}.DofusRelease|x86.Build.0 = Release|x86
		{C9747428-F162-4D59-817A-BE0A5847D88C}.Release No Trace|Win32.ActiveCfg = Release|x86
		{C9747428-F162-4D59-817A-BE0A5847D88C}.Release No Trace|Win32.Build.0 = Release|x86
		{C9747428-F162-4D59-817A-BE0A5847D88C}.Release No Trace|x64.ActiveCfg = Release|x64
		{C9747428-F162-4D59-817A-BE0A5847D88C}.Release No Trace|x64.Build.0 = Release|x64
		{C9747428-F162-4D59-817A-BE0A5847D88C}.Release No Trace|x86.ActiveCfg = Release|x86
		{C9747428-F162-4D59-817A-BE0A5847D88C}.Release No Trace|x86.Build.0 = Release|x86
		{C9747428-F162-4D59-817A-BE0A5847D88C}.Release|Win32.ActiveCfg = Release|x86
		{C9747428-F162-4D59-817A-BE0A5847D88C}.Release|Win32.Build.0 = Release|x86
		{C9747428-F162-4D59-817A-BE0A5847D88C}.Release|x64.ActiveCfg = Release|x64
		{C9747428-F162-4D59-817A-BE0A5847D88C}.Release|x64.Build.0 = Release|x64
		{C9747428-F162-4D59-817A-BE0A5847D88C}.Release|x86.ActiveCfg = Release|x86
		{C9747428-F162-4D59-817A-BE0A5847D88C}.Release|x86.Build.0 = Release|x86
	EndGlobalSection
	GlobalSection(SolutionProperties) = preSolution
		HideSolutionNode = FALSE
	EndGlobalSection
EndGlobal
